
Microsoft Visual Studio Solution File, Format Version 12.00
# Visual Studio Version 16
VisualStudioVersion = 25.0.1704.0
MinimumVisualStudioVersion = 10.0.40219.1
Project("{FAE04EC0-301F-11D3-BF4B-00C04F79EFBC}") = "LunaGB.Avalonia", "LunaGB.Avalonia.csproj", "{07709D24-8F95-4ECE-A60C-F15F1D7DA53E}"
EndProject
Global
	GlobalSection(SolutionConfigurationPlatforms) = preSolution
		Release|Any CPU = Release|Any CPU
		Debug|Any CPU = Debug|Any CPU
	EndGlobalSection
	GlobalSection(ProjectConfigurationPlatforms) = postSolution
		{07709D24-8F95-4ECE-A60C-F15F1D7DA53E}.Release|Any CPU.ActiveCfg = Release|Any CPU
		{07709D24-8F95-4ECE-A60C-F15F1D7DA53E}.Release|Any CPU.Build.0 = Release|Any CPU
		{07709D24-8F95-4ECE-A60C-F15F1D7DA53E}.Debug|Any CPU.ActiveCfg = Debug|Any CPU
		{07709D24-8F95-4ECE-A60C-F15F1D7DA53E}.Debug|Any CPU.Build.0 = Debug|Any CPU
	EndGlobalSection
	GlobalSection(SolutionProperties) = preSolution
		HideSolutionNode = FALSE
	EndGlobalSection
	GlobalSection(ExtensibilityGlobals) = postSolution
		SolutionGuid = {E63BE4DA-2327-47DF-AA87-E9646E543D23}
	EndGlobalSection
EndGlobal
